
Microsoft Visual Studio Solution File, Format Version 12.00
# Visual Studio 15
VisualStudioVersion = 15.0.27130.2036
MinimumVisualStudioVersion = 10.0.40219.1
Project("{FAE04EC0-301F-11D3-BF4B-00C04F79EFBC}") = "Core", "Core\Core.csproj", "{B3DA7113-8104-445E-A0C3-944CF2B37D71}"
EndProject
Project("{FAE04EC0-301F-11D3-BF4B-00C04F79EFBC}") = "GUI", "GUI\GUI.csproj", "{512FBBFB-814B-42F5-9C2A-851D3A04F95E}"
EndProject
Global
	GlobalSection(SolutionConfigurationPlatforms) = preSolution
		Debug|Any CPU = Debug|Any CPU
		Release|Any CPU = Release|Any CPU
	EndGlobalSection
	GlobalSection(ProjectConfigurationPlatforms) = postSolution
		{B3DA7113-8104-445E-A0C3-944CF2B37D71}.Debug|Any CPU.ActiveCfg = Debug|Any CPU
		{B3DA7113-8104-445E-A0C3-944CF2B37D71}.Debug|Any CPU.Build.0 = Debug|Any CPU
		{B3DA7113-8104-445E-A0C3-944CF2B37D71}.Release|Any CPU.ActiveCfg = Release|Any CPU
		{B3DA7113-8104-445E-A0C3-944CF2B37D71}.Release|Any CPU.Build.0 = Release|Any CPU
		{512FBBFB-814B-42F5-9C2A-851D3A04F95E}.Debug|Any CPU.ActiveCfg = Debug|Any CPU
		{512FBBFB-814B-42F5-9C2A-851D3A04F95E}.Debug|Any CPU.Build.0 = Debug|Any CPU
		{512FBBFB-814B-42F5-9C2A-851D3A04F95E}.Release|Any CPU.ActiveCfg = Release|Any CPU
		{512FBBFB-814B-42F5-9C2A-851D3A04F95E}.Release|Any CPU.Build.0 = Release|Any CPU
	EndGlobalSection
	GlobalSection(SolutionProperties) = preSolution
		HideSolutionNode = FALSE
	EndGlobalSection
	GlobalSection(ExtensibilityGlobals) = postSolution
		SolutionGuid = {50F3C64F-B5C2-4968-82A5-B28F96BEC3AA}
	EndGlobalSection
EndGlobal
